
Microsoft Visual Studio Solution File, Format Version 12.00
# Visual Studio Version 17
VisualStudioVersion = 17.4.33213.308
MinimumVisualStudioVersion = 10.0.40219.1
Project("{9A19103F-16F7-4668-BE54-9A1E7A4F7556}") = "ReminderTasks", "ReminderTasks.csproj", "{0AE018C6-B29F-43C2-BA16-F96AB0BA4764}"
EndProject
Project("{54435603-DBB4-11D2-8724-00A0C9A8B90C}") = "ReminderTasksMSI", "..\ReminderTasksMSI\ReminderTasksMSI.vdproj", "{59AAF8AB-FE83-49BD-8D67-3EA2340C83B1}"
EndProject
Global
	GlobalSection(SolutionConfigurationPlatforms) = preSolution
		Debug|Any CPU = Debug|Any CPU
		Release|Any CPU = Release|Any CPU
	EndGlobalSection
	GlobalSection(ProjectConfigurationPlatforms) = postSolution
		{0AE018C6-B29F-43C2-BA16-F96AB0BA4764}.Debug|Any CPU.ActiveCfg = Debug|Any CPU
		{0AE018C6-B29F-43C2-BA16-F96AB0BA4764}.Debug|Any CPU.Build.0 = Debug|Any CPU
		{0AE018C6-B29F-43C2-BA16-F96AB0BA4764}.Release|Any CPU.ActiveCfg = Release|Any CPU
		{0AE018C6-B29F-43C2-BA16-F96AB0BA4764}.Release|Any CPU.Build.0 = Release|Any CPU
		{59AAF8AB-FE83-49BD-8D67-3EA2340C83B1}.Debug|Any CPU.ActiveCfg = Debug
		{59AAF8AB-FE83-49BD-8D67-3EA2340C83B1}.Release|Any CPU.ActiveCfg = Release
	EndGlobalSection
	GlobalSection(SolutionProperties) = preSolution
		HideSolutionNode = FALSE
	EndGlobalSection
	GlobalSection(ExtensibilityGlobals) = postSolution
		SolutionGuid = {282FCE40-3DD3-41FE-B987-005725510A00}
	EndGlobalSection
EndGlobal
