
Microsoft Visual Studio Solution File, Format Version 12.00
# Visual Studio Version 17
VisualStudioVersion = 17.4.33213.308
MinimumVisualStudioVersion = 10.0.40219.1
Project("{FAE04EC0-301F-11D3-BF4B-00C04F79EFBC}") = "ReminderTasks", "ReminderTasks.csproj", "{0AE018C6-B29F-43C2-BA16-F96AB0BA4764}"
EndProject
Global
	GlobalSection(SolutionConfigurationPlatforms) = preSolution
		Debug|Any CPU = Debug|Any CPU
		Release|Any CPU = Release|Any CPU
	EndGlobalSection
	GlobalSection(ProjectConfigurationPlatforms) = postSolution
		{0AE018C6-B29F-43C2-BA16-F96AB0BA4764}.Debug|Any CPU.ActiveCfg = Debug|Any CPU
		{0AE018C6-B29F-43C2-BA16-F96AB0BA4764}.Debug|Any CPU.Build.0 = Debug|Any CPU
		{0AE018C6-B29F-43C2-BA16-F96AB0BA4764}.Release|Any CPU.ActiveCfg = Release|Any CPU
		{0AE018C6-B29F-43C2-BA16-F96AB0BA4764}.Release|Any CPU.Build.0 = Release|Any CPU
	EndGlobalSection
	GlobalSection(SolutionProperties) = preSolution
		HideSolutionNode = FALSE
	EndGlobalSection
	GlobalSection(ExtensibilityGlobals) = postSolution
		SolutionGuid = {282FCE40-3DD3-41FE-B987-005725510A00}
	EndGlobalSection
EndGlobal
